
Microsoft Visual Studio Solution File, Format Version 12.00
# Visual Studio 15
VisualStudioVersion = 15.0.28307.106
MinimumVisualStudioVersion = 10.0.40219.1
Project("{FAE04EC0-301F-11D3-BF4B-00C04F79EFBC}") = "UDPCross.Android", "UDPCross\UDPCross.Android\UDPCross.Android.csproj", "{170686D3-339D-4B22-A88C-4C70E1AD01EF}"
EndProject
Project("{FAE04EC0-301F-11D3-BF4B-00C04F79EFBC}") = "UDPCross.iOS", "UDPCross\UDPCross.iOS\UDPCross.iOS.csproj", "{B10F83FE-A121-4893-ADEA-7205919EA034}"
EndProject
Project("{FAE04EC0-301F-11D3-BF4B-00C04F79EFBC}") = "UDPCross.UWP", "UDPCross\UDPCross.UWP\UDPCross.UWP.csproj", "{DC795493-A9D2-471C-9F1B-8F3680023BBC}"
EndProject
Project("{FAE04EC0-301F-11D3-BF4B-00C04F79EFBC}") = "UDPCross", "UDPCross\UDPCross\UDPCross.csproj", "{75BAACA4-A88A-45DE-8C15-2D002F383B7C}"
EndProject
Global
	GlobalSection(SolutionConfigurationPlatforms) = preSolution
		Ad-Hoc|Any CPU = Ad-Hoc|Any CPU
		Ad-Hoc|ARM = Ad-Hoc|ARM
		Ad-Hoc|iPhone = Ad-Hoc|iPhone
		Ad-Hoc|iPhoneSimulator = Ad-Hoc|iPhoneSimulator
		Ad-Hoc|x64 = Ad-Hoc|x64
		Ad-Hoc|x86 = Ad-Hoc|x86
		AppStore|Any CPU = AppStore|Any CPU
		AppStore|ARM = AppStore|ARM
		AppStore|iPhone = AppStore|iPhone
		AppStore|iPhoneSimulator = AppStore|iPhoneSimulator
		AppStore|x64 = AppStore|x64
		AppStore|x86 = AppStore|x86
		Debug|Any CPU = Debug|Any CPU
		Debug|ARM = Debug|ARM
		Debug|iPhone = Debug|iPhone
		Debug|iPhoneSimulator = Debug|iPhoneSimulator
		Debug|x64 = Debug|x64
		Debug|x86 = Debug|x86
		Release|Any CPU = Release|Any CPU
		Release|ARM = Release|ARM
		Release|iPhone = Release|iPhone
		Release|iPhoneSimulator = Release|iPhoneSimulator
		Release|x64 = Release|x64
		Release|x86 = Release|x86
	EndGlobalSection
	GlobalSection(ProjectConfigurationPlatforms) = postSolution
		{170686D3-339D-4B22-A88C-4C70E1AD01EF}.Ad-Hoc|Any CPU.ActiveCfg = Release|Any CPU
		{170686D3-339D-4B22-A88C-4C70E1AD01EF}.Ad-Hoc|Any CPU.Build.0 = Release|Any CPU
		{170686D3-339D-4B22-A88C-4C70E1AD01EF}.Ad-Hoc|Any CPU.Deploy.0 = Release|Any CPU
		{170686D3-339D-4B22-A88C-4C70E1AD01EF}.Ad-Hoc|ARM.ActiveCfg = Release|Any CPU
		{170686D3-339D-4B22-A88C-4C70E1AD01EF}.Ad-Hoc|ARM.Build.0 = Release|Any CPU
		{170686D3-339D-4B22-A88C-4C70E1AD01EF}.Ad-Hoc|ARM.Deploy.0 = Release|Any CPU
		{170686D3-339D-4B22-A88C-4C70E1AD01EF}.Ad-Hoc|iPhone.ActiveCfg = Release|Any CPU
		{170686D3-339D-4B22-A88C-4C70E1AD01EF}.Ad-Hoc|iPhone.Build.0 = Release|Any CPU
		{170686D3-339D-4B22-A88C-4C70E1AD01EF}.Ad-Hoc|iPhone.Deploy.0 = Release|Any CPU
		{170686D3-339D-4B22-A88C-4C70E1AD01EF}.Ad-Hoc|iPhoneSimulator.ActiveCfg = Release|Any CPU
		{170686D3-339D-4B22-A88C-4C70E1AD01EF}.Ad-Hoc|iPhoneSimulator.Build.0 = Release|Any CPU
		{170686D3-339D-4B22-A88C-4C70E1AD01EF}.Ad-Hoc|iPhoneSimulator.Deploy.0 = Release|Any CPU
		{170686D3-339D-4B22-A88C-4C70E1AD01EF}.Ad-Hoc|x64.ActiveCfg = Release|Any CPU
		{170686D3-339D-4B22-A88C-4C70E1AD01EF}.Ad-Hoc|x64.Build.0 = Release|Any CPU
		{170686D3-339D-4B22-A88C-4C70E1AD01EF}.Ad-Hoc|x64.Deploy.0 = Release|Any CPU
		{170686D3-339D-4B22-A88C-4C70E1AD01EF}.Ad-Hoc|x86.ActiveCfg = Release|Any CPU
		{170686D3-339D-4B22-A88C-4C70E1AD01EF}.Ad-Hoc|x86.Build.0 = Release|Any CPU
		{170686D3-339D-4B22-A88C-4C70E1AD01EF}.Ad-Hoc|x86.Deploy.0 = Release|Any CPU
		{170686D3-339D-4B22-A88C-4C70E1AD01EF}.AppStore|Any CPU.ActiveCfg = Release|Any CPU
		{170686D3-339D-4B22-A88C-4C70E1AD01EF}.AppStore|Any CPU.Build.0 = Release|Any CPU
		{170686D3-339D-4B22-A88C-4C70E1AD01EF}.AppStore|Any CPU.Deploy.0 = Release|Any CPU
		{170686D3-339D-4B22-A88C-4C70E1AD01EF}.AppStore|ARM.ActiveCfg = Release|Any CPU
		{170686D3-339D-4B22-A88C-4C70E1AD01EF}.AppStore|ARM.Build.0 = Release|Any CPU
		{170686D3-339D-4B22-A88C-4C70E1AD01EF}.AppStore|ARM.Deploy.0 = Release|Any CPU
		{170686D3-339D-4B22-A88C-4C70E1AD01EF}.AppStore|iPhone.ActiveCfg = Release|Any CPU
		{170686D3-339D-4B22-A88C-4C70E1AD01EF}.AppStore|iPhone.Build.0 = Release|Any CPU
		{170686D3-339D-4B22-A88C-4C70E1AD01EF}.AppStore|iPhone.Deploy.0 = Release|Any CPU
		{170686D3-339D-4B22-A88C-4C70E1AD01EF}.AppStore|iPhoneSimulator.ActiveCfg = Release|Any CPU
		{170686D3-339D-4B22-A88C-4C70E1AD01EF}.AppStore|iPhoneSimulator.Build.0 = Release|Any CPU
		{170686D3-339D-4B22-A88C-4C70E1AD01EF}.AppStore|iPhoneSimulator.Deploy.0 = Release|Any CPU
		{170686D3-339D-4B22-A88C-4C70E1AD01EF}.AppStore|x64.ActiveCfg = Release|Any CPU
		{170686D3-339D-4B22-A88C-4C70E1AD01EF}.AppStore|x64.Build.0 = Release|Any CPU
		{170686D3-339D-4B22-A88C-4C70E1AD01EF}.AppStore|x64.Deploy.0 = Release|Any CPU
		{170686D3-339D-4B22-A88C-4C70E1AD01EF}.AppStore|x86.ActiveCfg = Release|Any CPU
		{170686D3-339D-4B22-A88C-4C70E1AD01EF}.AppStore|x86.Build.0 = Release|Any CPU
		{170686D3-339D-4B22-A88C-4C70E1AD01EF}.AppStore|x86.Deploy.0 = Release|Any CPU
		{170686D3-339D-4B22-A88C-4C70E1AD01EF}.Debug|Any CPU.ActiveCfg = Debug|Any CPU
		{170686D3-339D-4B22-A88C-4C70E1AD01EF}.Debug|Any CPU.Build.0 = Debug|Any CPU
		{170686D3-339D-4B22-A88C-4C70E1AD01EF}.Debug|Any CPU.Deploy.0 = Debug|Any CPU
		{170686D3-339D-4B22-A88C-4C70E1AD01EF}.Debug|ARM.ActiveCfg = Debug|Any CPU
		{170686D3-339D-4B22-A88C-4C70E1AD01EF}.Debug|ARM.Build.0 = Debug|Any CPU
		{170686D3-339D-4B22-A88C-4C70E1AD01EF}.Debug|ARM.Deploy.0 = Debug|Any CPU
		{170686D3-339D-4B22-A88C-4C70E1AD01EF}.Debug|iPhone.ActiveCfg = Debug|Any CPU
		{170686D3-339D-4B22-A88C-4C70E1AD01EF}.Debug|iPhone.Build.0 = Debug|Any CPU
		{170686D3-339D-4B22-A88C-4C70E1AD01EF}.Debug|iPhone.Deploy.0 = Debug|Any CPU
		{170686D3-339D-4B22-A88C-4C70E1AD01EF}.Debug|iPhoneSimulator.ActiveCfg = Debug|Any CPU
		{170686D3-339D-4B22-A88C-4C70E1AD01EF}.Debug|iPhoneSimulator.Build.0 = Debug|Any CPU
		{170686D3-339D-4B22-A88C-4C70E1AD01EF}.Debug|iPhoneSimulator.Deploy.0 = Debug|Any CPU
		{170686D3-339D-4B22-A88C-4C70E1AD01EF}.Debug|x64.ActiveCfg = Debug|Any CPU
		{170686D3-339D-4B22-A88C-4C70E1AD01EF}.Debug|x64.Build.0 = Debug|Any CPU
		{170686D3-339D-4B22-A88C-4C70E1AD01EF}.Debug|x64.Deploy.0 = Debug|Any CPU
		{170686D3-339D-4B22-A88C-4C70E1AD01EF}.Debug|x86.ActiveCfg = Debug|Any CPU
		{170686D3-339D-4B22-A88C-4C70E1AD01EF}.Debug|x86.Build.0 = Debug|Any CPU
		{170686D3-339D-4B22-A88C-4C70E1AD01EF}.Debug|x86.Deploy.0 = Debug|Any CPU
		{170686D3-339D-4B22-A88C-4C70E1AD01EF}.Release|Any CPU.ActiveCfg = Release|Any CPU
		{170686D3-339D-4B22-A88C-4C70E1AD01EF}.Release|Any CPU.Build.0 = Release|Any CPU
		{170686D3-339D-4B22-A88C-4C70E1AD01EF}.Release|Any CPU.Deploy.0 = Release|Any CPU
		{170686D3-339D-4B22-A88C-4C70E1AD01EF}.Release|ARM.ActiveCfg = Release|Any CPU
		{170686D3-339D-4B22-A88C-4C70E1AD01EF}.Release|ARM.Build.0 = Release|Any CPU
		{170686D3-339D-4B22-A88C-4C70E1AD01EF}.Release|ARM.Deploy.0 = Release|Any CPU
		{170686D3-339D-4B22-A88C-4C70E1AD01EF}.Release|iPhone.ActiveCfg = Release|Any CPU
		{170686D3-339D-4B22-A88C-4C70E1AD01EF}.Release|iPhone.Build.0 = Release|Any CPU
		{170686D3-339D-4B22-A88C-4C70E1AD01EF}.Release|iPhone.Deploy.0 = Release|Any CPU
		{170686D3-339D-4B22-A88C-4C70E1AD01EF}.Release|iPhoneSimulator.ActiveCfg = Release|Any CPU
		{170686D3-339D-4B22-A88C-4C70E1AD01EF}.Release|iPhoneSimulator.Build.0 = Release|Any CPU
		{170686D3-339D-4B22-A88C-4C70E1AD01EF}.Release|iPhoneSimulator.Deploy.0 = Release|Any CPU
		{170686D3-339D-4B22-A88C-4C70E1AD01EF}.Release|x64.ActiveCfg = Release|Any CPU
		{170686D3-339D-4B22-A88C-4C70E1AD01EF}.Release|x64.Build.0 = Release|Any CPU
		{170686D3-339D-4B22-A88C-4C70E1AD01EF}.Release|x64.Deploy.0 = Release|Any CPU
		{170686D3-339D-4B22-A88C-4C70E1AD01EF}.Release|x86.ActiveCfg = Release|Any CPU
		{170686D3-339D-4B22-A88C-4C70E1AD01EF}.Release|x86.Build.0 = Release|Any CPU
		{170686D3-339D-4B22-A88C-4C70E1AD01EF}.Release|x86.Deploy.0 = Release|Any CPU
		{B10F83FE-A121-4893-ADEA-7205919EA034}.Ad-Hoc|Any CPU.ActiveCfg = Ad-Hoc|iPhone
		{B10F83FE-A121-4893-ADEA-7205919EA034}.Ad-Hoc|Any CPU.Build.0 = Ad-Hoc|iPhone
		{B10F83FE-A121-4893-ADEA-7205919EA034}.Ad-Hoc|Any CPU.Deploy.0 = Ad-Hoc|iPhone
		{B10F83FE-A121-4893-ADEA-7205919EA034}.Ad-Hoc|ARM.ActiveCfg = Ad-Hoc|iPhone
		{B10F83FE-A121-4893-ADEA-7205919EA034}.Ad-Hoc|ARM.Build.0 = Ad-Hoc|iPhone
		{B10F83FE-A121-4893-ADEA-7205919EA034}.Ad-Hoc|ARM.Deploy.0 = Ad-Hoc|iPhone
		{B10F83FE-A121-4893-ADEA-7205919EA034}.Ad-Hoc|iPhone.ActiveCfg = Ad-Hoc|iPhone
		{B10F83FE-A121-4893-ADEA-7205919EA034}.Ad-Hoc|iPhone.Build.0 = Ad-Hoc|iPhone
		{B10F83FE-A121-4893-ADEA-7205919EA034}.Ad-Hoc|iPhone.Deploy.0 = Ad-Hoc|iPhone
		{B10F83FE-A121-4893-ADEA-7205919EA034}.Ad-Hoc|iPhoneSimulator.ActiveCfg = Ad-Hoc|iPhoneSimulator
		{B10F83FE-A121-4893-ADEA-7205919EA034}.Ad-Hoc|iPhoneSimulator.Build.0 = Ad-Hoc|iPhoneSimulator
		{B10F83FE-A121-4893-ADEA-7205919EA034}.Ad-Hoc|iPhoneSimulator.Deploy.0 = Ad-Hoc|iPhoneSimulator
		{B10F83FE-A121-4893-ADEA-7205919EA034}.Ad-Hoc|x64.ActiveCfg = Ad-Hoc|iPhone
		{B10F83FE-A121-4893-ADEA-7205919EA034}.Ad-Hoc|x64.Build.0 = Ad-Hoc|iPhone
		{B10F83FE-A121-4893-ADEA-7205919EA034}.Ad-Hoc|x64.Deploy.0 = Ad-Hoc|iPhone
		{B10F83FE-A121-4893-ADEA-7205919EA034}.Ad-Hoc|x86.ActiveCfg = Ad-Hoc|iPhone
		{B10F83FE-A121-4893-ADEA-7205919EA034}.Ad-Hoc|x86.Build.0 = Ad-Hoc|iPhone
		{B10F83FE-A121-4893-ADEA-7205919EA034}.Ad-Hoc|x86.Deploy.0 = Ad-Hoc|iPhone
		{B10F83FE-A121-4893-ADEA-7205919EA034}.AppStore|Any CPU.ActiveCfg = AppStore|iPhone
		{B10F83FE-A121-4893-ADEA-7205919EA034}.AppStore|Any CPU.Build.0 = AppStore|iPhone
		{B10F83FE-A121-4893-ADEA-7205919EA034}.AppStore|Any CPU.Deploy.0 = AppStore|iPhone
		{B10F83FE-A121-4893-ADEA-7205919EA034}.AppStore|ARM.ActiveCfg = AppStore|iPhone
		{B10F83FE-A121-4893-ADEA-7205919EA034}.AppStore|ARM.Build.0 = AppStore|iPhone
		{B10F83FE-A121-4893-ADEA-7205919EA034}.AppStore|ARM.Deploy.0 = AppStore|iPhone
		{B10F83FE-A121-4893-ADEA-7205919EA034}.AppStore|iPhone.ActiveCfg = AppStore|iPhone
		{B10F83FE-A121-4893-ADEA-7205919EA034}.AppStore|iPhone.Build.0 = AppStore|iPhone
		{B10F83FE-A121-4893-ADEA-7205919EA034}.AppStore|iPhone.Deploy.0 = AppStore|iPhone
		{B10F83FE-A121-4893-ADEA-7205919EA034}.AppStore|iPhoneSimulator.ActiveCfg = AppStore|iPhoneSimulator
		{B10F83FE-A121-4893-ADEA-7205919EA034}.AppStore|iPhoneSimulator.Build.0 = AppStore|iPhoneSimulator
		{B10F83FE-A121-4893-ADEA-7205919EA034}.AppStore|iPhoneSimulator.Deploy.0 = AppStore|iPhoneSimulator
		{B10F83FE-A121-4893-ADEA-7205919EA034}.AppStore|x64.ActiveCfg = AppStore|iPhone
		{B10F83FE-A121-4893-ADEA-7205919EA034}.AppStore|x64.Build.0 = AppStore|iPhone
		{B10F83FE-A121-4893-ADEA-7205919EA034}.AppStore|x64.Deploy.0 = AppStore|iPhone
		{B10F83FE-A121-4893-ADEA-7205919EA034}.AppStore|x86.ActiveCfg = AppStore|iPhone
		{B10F83FE-A121-4893-ADEA-7205919EA034}.AppStore|x86.Build.0 = AppStore|iPhone
		{B10F83FE-A121-4893-ADEA-7205919EA034}.AppStore|x86.Deploy.0 = AppStore|iPhone
		{B10F83FE-A121-4893-ADEA-7205919EA034}.Debug|Any CPU.ActiveCfg = Debug|iPhoneSimulator
		{B10F83FE-A121-4893-ADEA-7205919EA034}.Debug|Any CPU.Build.0 = Debug|iPhoneSimulator
		{B10F83FE-A121-4893-ADEA-7205919EA034}.Debug|Any CPU.Deploy.0 = Debug|iPhoneSimulator
		{B10F83FE-A121-4893-ADEA-7205919EA034}.Debug|ARM.ActiveCfg = Debug|iPhone
		{B10F83FE-A121-4893-ADEA-7205919EA034}.Debug|ARM.Build.0 = Debug|iPhone
		{B10F83FE-A121-4893-ADEA-7205919EA034}.Debug|ARM.Deploy.0 = Debug|iPhone
		{B10F83FE-A121-4893-ADEA-7205919EA034}.Debug|iPhone.ActiveCfg = Debug|iPhone
		{B10F83FE-A121-4893-ADEA-7205919EA034}.Debug|iPhone.Build.0 = Debug|iPhone
		{B10F83FE-A121-4893-ADEA-7205919EA034}.Debug|iPhone.Deploy.0 = Debug|iPhone
		{B10F83FE-A121-4893-ADEA-7205919EA034}.Debug|iPhoneSimulator.ActiveCfg = Debug|iPhoneSimulator
		{B10F83FE-A121-4893-ADEA-7205919EA034}.Debug|iPhoneSimulator.Build.0 = Debug|iPhoneSimulator
		{B10F83FE-A121-4893-ADEA-7205919EA034}.Debug|iPhoneSimulator.Deploy.0 = Debug|iPhoneSimulator
		{B10F83FE-A121-4893-ADEA-7205919EA034}.Debug|x64.ActiveCfg = Debug|iPhone
		{B10F83FE-A121-4893-ADEA-7205919EA034}.Debug|x64.Build.0 = Debug|iPhone
		{B10F83FE-A121-4893-ADEA-7205919EA034}.Debug|x64.Deploy.0 = Debug|iPhone
		{B10F83FE-A121-4893-ADEA-7205919EA034}.Debug|x86.ActiveCfg = Debug|iPhone
		{B10F83FE-A121-4893-ADEA-7205919EA034}.Debug|x86.Build.0 = Debug|iPhone
		{B10F83FE-A121-4893-ADEA-7205919EA034}.Debug|x86.Deploy.0 = Debug|iPhone
		{B10F83FE-A121-4893-ADEA-7205919EA034}.Release|Any CPU.ActiveCfg = Release|iPhone
		{B10F83FE-A121-4893-ADEA-7205919EA034}.Release|Any CPU.Build.0 = Release|iPhone
		{B10F83FE-A121-4893-ADEA-7205919EA034}.Release|Any CPU.Deploy.0 = Release|iPhone
		{B10F83FE-A121-4893-ADEA-7205919EA034}.Release|ARM.ActiveCfg = Release|iPhone
		{B10F83FE-A121-4893-ADEA-7205919EA034}.Release|ARM.Build.0 = Release|iPhone
		{B10F83FE-A121-4893-ADEA-7205919EA034}.Release|ARM.Deploy.0 = Release|iPhone
		{B10F83FE-A121-4893-ADEA-7205919EA034}.Release|iPhone.ActiveCfg = Release|iPhone
		{B10F83FE-A121-4893-ADEA-7205919EA034}.Release|iPhone.Build.0 = Release|iPhone
		{B10F83FE-A121-4893-ADEA-7205919EA034}.Release|iPhone.Deploy.0 = Release|iPhone
		{B10F83FE-A121-4893-ADEA-7205919EA034}.Release|iPhoneSimulator.ActiveCfg = Release|iPhoneSimulator
		{B10F83FE-A121-4893-ADEA-7205919EA034}.Release|iPhoneSimulator.Build.0 = Release|iPhoneSimulator
		{B10F83FE-A121-4893-ADEA-7205919EA034}.Release|iPhoneSimulator.Deploy.0 = Release|iPhoneSimulator
		{B10F83FE-A121-4893-ADEA-7205919EA034}.Release|x64.ActiveCfg = Release|iPhone
		{B10F83FE-A121-4893-ADEA-7205919EA034}.Release|x64.Build.0 = Release|iPhone
		{B10F83FE-A121-4893-ADEA-7205919EA034}.Release|x64.Deploy.0 = Release|iPhone
		{B10F83FE-A121-4893-ADEA-7205919EA034}.Release|x86.ActiveCfg = Release|iPhone
		{B10F83FE-A121-4893-ADEA-7205919EA034}.Release|x86.Build.0 = Release|iPhone
		{B10F83FE-A121-4893-ADEA-7205919EA034}.Release|x86.Deploy.0 = Release|iPhone
		{DC795493-A9D2-471C-9F1B-8F3680023BBC}.Ad-Hoc|Any CPU.ActiveCfg = Release|x86
		{DC795493-A9D2-471C-9F1B-8F3680023BBC}.Ad-Hoc|Any CPU.Build.0 = Release|x86
		{DC795493-A9D2-471C-9F1B-8F3680023BBC}.Ad-Hoc|Any CPU.Deploy.0 = Release|x86
		{DC795493-A9D2-471C-9F1B-8F3680023BBC}.Ad-Hoc|ARM.ActiveCfg = Release|ARM
		{DC795493-A9D2-471C-9F1B-8F3680023BBC}.Ad-Hoc|ARM.Build.0 = Release|ARM
		{DC795493-A9D2-471C-9F1B-8F3680023BBC}.Ad-Hoc|ARM.Deploy.0 = Release|ARM
		{DC795493-A9D2-471C-9F1B-8F3680023BBC}.Ad-Hoc|iPhone.ActiveCfg = Release|x86
		{DC795493-A9D2-471C-9F1B-8F3680023BBC}.Ad-Hoc|iPhone.Build.0 = Release|x86
		{DC795493-A9D2-471C-9F1B-8F3680023BBC}.Ad-Hoc|iPhone.Deploy.0 = Release|x86
		{DC795493-A9D2-471C-9F1B-8F3680023BBC}.Ad-Hoc|iPhoneSimulator.ActiveCfg = Release|x86
		{DC795493-A9D2-471C-9F1B-8F3680023BBC}.Ad-Hoc|iPhoneSimulator.Build.0 = Release|x86
		{DC795493-A9D2-471C-9F1B-8F3680023BBC}.Ad-Hoc|iPhoneSimulator.Deploy.0 = Release|x86
		{DC795493-A9D2-471C-9F1B-8F3680023BBC}.Ad-Hoc|x64.ActiveCfg = Release|x64
		{DC795493-A9D2-471C-9F1B-8F3680023BBC}.Ad-Hoc|x64.Build.0 = Release|x64
		{DC795493-A9D2-471C-9F1B-8F3680023BBC}.Ad-Hoc|x64.Deploy.0 = Release|x64
		{DC795493-A9D2-471C-9F1B-8F3680023BBC}.Ad-Hoc|x86.ActiveCfg = Release|x86
		{DC795493-A9D2-471C-9F1B-8F3680023BBC}.Ad-Hoc|x86.Build.0 = Release|x86
		{DC795493-A9D2-471C-9F1B-8F3680023BBC}.Ad-Hoc|x86.Deploy.0 = Release|x86
		{DC795493-A9D2-471C-9F1B-8F3680023BBC}.AppStore|Any CPU.ActiveCfg = Release|x86
		{DC795493-A9D2-471C-9F1B-8F3680023BBC}.AppStore|Any CPU.Build.0 = Release|x86
		{DC795493-A9D2-471C-9F1B-8F3680023BBC}.AppStore|Any CPU.Deploy.0 = Release|x86
		{DC795493-A9D2-471C-9F1B-8F3680023BBC}.AppStore|ARM.ActiveCfg = Release|ARM
		{DC795493-A9D2-471C-9F1B-8F3680023BBC}.AppStore|ARM.Build.0 = Release|ARM
		{DC795493-A9D2-471C-9F1B-8F3680023BBC}.AppStore|ARM.Deploy.0 = Release|ARM
		{DC795493-A9D2-471C-9F1B-8F3680023BBC}.AppStore|iPhone.ActiveCfg = Release|x86
		{DC795493-A9D2-471C-9F1B-8F3680023BBC}.AppStore|iPhone.Build.0 = Release|x86
		{DC795493-A9D2-471C-9F1B-8F3680023BBC}.AppStore|iPhone.Deploy.0 = Release|x86
		{DC795493-A9D2-471C-9F1B-8F3680023BBC}.AppStore|iPhoneSimulator.ActiveCfg = Release|x86
		{DC795493-A9D2-471C-9F1B-8F3680023BBC}.AppStore|iPhoneSimulator.Build.0 = Release|x86
		{DC795493-A9D2-471C-9F1B-8F3680023BBC}.AppStore|iPhoneSimulator.Deploy.0 = Release|x86
		{DC795493-A9D2-471C-9F1B-8F3680023BBC}.AppStore|x64.ActiveCfg = Release|x64
		{DC795493-A9D2-471C-9F1B-8F3680023BBC}.AppStore|x64.Build.0 = Release|x64
		{DC795493-A9D2-471C-9F1B-8F3680023BBC}.AppStore|x64.Deploy.0 = Release|x64
		{DC795493-A9D2-471C-9F1B-8F3680023BBC}.AppStore|x86.ActiveCfg = Release|x86
		{DC795493-A9D2-471C-9F1B-8F3680023BBC}.AppStore|x86.Build.0 = Release|x86
		{DC795493-A9D2-471C-9F1B-8F3680023BBC}.AppStore|x86.Deploy.0 = Release|x86
		{DC795493-A9D2-471C-9F1B-8F3680023BBC}.Debug|Any CPU.ActiveCfg = Debug|x86
		{DC795493-A9D2-471C-9F1B-8F3680023BBC}.Debug|Any CPU.Build.0 = Debug|x86
		{DC795493-A9D2-471C-9F1B-8F3680023BBC}.Debug|Any CPU.Deploy.0 = Debug|x86
		{DC795493-A9D2-471C-9F1B-8F3680023BBC}.Debug|ARM.ActiveCfg = Debug|ARM
		{DC795493-A9D2-471C-9F1B-8F3680023BBC}.Debug|ARM.Build.0 = Debug|ARM
		{DC795493-A9D2-471C-9F1B-8F3680023BBC}.Debug|ARM.Deploy.0 = Debug|ARM
		{DC795493-A9D2-471C-9F1B-8F3680023BBC}.Debug|iPhone.ActiveCfg = Debug|x86
		{DC795493-A9D2-471C-9F1B-8F3680023BBC}.Debug|iPhone.Build.0 = Debug|x86
		{DC795493-A9D2-471C-9F1B-8F3680023BBC}.Debug|iPhone.Deploy.0 = Debug|x86
		{DC795493-A9D2-471C-9F1B-8F3680023BBC}.Debug|iPhoneSimulator.ActiveCfg = Debug|x86
		{DC795493-A9D2-471C-9F1B-8F3680023BBC}.Debug|iPhoneSimulator.Build.0 = Debug|x86
		{DC795493-A9D2-471C-9F1B-8F3680023BBC}.Debug|iPhoneSimulator.Deploy.0 = Debug|x86
		{DC795493-A9D2-471C-9F1B-8F3680023BBC}.Debug|x64.ActiveCfg = Debug|x64
		{DC795493-A9D2-471C-9F1B-8F3680023BBC}.Debug|x64.Build.0 = Debug|x64
		{DC795493-A9D2-471C-9F1B-8F3680023BBC}.Debug|x64.Deploy.0 = Debug|x64
		{DC795493-A9D2-471C-9F1B-8F3680023BBC}.Debug|x86.ActiveCfg = Debug|x86
		{DC795493-A9D2-471C-9F1B-8F3680023BBC}.Debug|x86.Build.0 = Debug|x86
		{DC795493-A9D2-471C-9F1B-8F3680023BBC}.Debug|x86.Deploy.0 = Debug|x86
		{DC795493-A9D2-471C-9F1B-8F3680023BBC}.Release|Any CPU.ActiveCfg = Release|x86
		{DC795493-A9D2-471C-9F1B-8F3680023BBC}.Release|Any CPU.Build.0 = Release|x86
		{DC795493-A9D2-471C-9F1B-8F3680023BBC}.Release|Any CPU.Deploy.0 = Release|x86
		{DC795493-A9D2-471C-9F1B-8F3680023BBC}.Release|ARM.ActiveCfg = Release|ARM
		{DC795493-A9D2-471C-9F1B-8F3680023BBC}.Release|ARM.Build.0 = Release|ARM
		{DC795493-A9D2-471C-9F1B-8F3680023BBC}.Release|ARM.Deploy.0 = Release|ARM
		{DC795493-A9D2-471C-9F1B-8F3680023BBC}.Release|iPhone.ActiveCfg = Release|x86
		{DC795493-A9D2-471C-9F1B-8F3680023BBC}.Release|iPhone.Build.0 = Release|x86
		{DC795493-A9D2-471C-9F1B-8F3680023BBC}.Release|iPhone.Deploy.0 = Release|x86
		{DC795493-A9D2-471C-9F1B-8F3680023BBC}.Release|iPhoneSimulator.ActiveCfg = Release|x86
		{DC795493-A9D2-471C-9F1B-8F3680023BBC}.Release|iPhoneSimulator.Build.0 = Release|x86
		{DC795493-A9D2-471C-9F1B-8F3680023BBC}.Release|iPhoneSimulator.Deploy.0 = Release|x86
		{DC795493-A9D2-471C-9F1B-8F3680023BBC}.Release|x64.ActiveCfg = Release|x64
		{DC795493-A9D2-471C-9F1B-8F3680023BBC}.Release|x64.Build.0 = Release|x64
		{DC795493-A9D2-471C-9F1B-8F3680023BBC}.Release|x64.Deploy.0 = Release|x64
		{DC795493-A9D2-471C-9F1B-8F3680023BBC}.Release|x86.ActiveCfg = Release|x86
		{DC795493-A9D2-471C-9F1B-8F3680023BBC}.Release|x86.Build.0 = Release|x86
		{DC795493-A9D2-471C-9F1B-8F3680023BBC}.Release|x86.Deploy.0 = Release|x86
		{75BAACA4-A88A-45DE-8C15-2D002F383B7C}.Ad-Hoc|Any CPU.ActiveCfg = Debug|Any CPU
		{75BAACA4-A88A-45DE-8C15-2D002F383B7C}.Ad-Hoc|Any CPU.Build.0 = Debug|Any CPU
		{75BAACA4-A88A-45DE-8C15-2D002F383B7C}.Ad-Hoc|Any CPU.Deploy.0 = Debug|Any CPU
		{75BAACA4-A88A-45DE-8C15-2D002F383B7C}.Ad-Hoc|ARM.ActiveCfg = Debug|Any CPU
		{75BAACA4-A88A-45DE-8C15-2D002F383B7C}.Ad-Hoc|ARM.Build.0 = Debug|Any CPU
		{75BAACA4-A88A-45DE-8C15-2D002F383B7C}.Ad-Hoc|ARM.Deploy.0 = Debug|Any CPU
		{75BAACA4-A88A-45DE-8C15-2D002F383B7C}.Ad-Hoc|iPhone.ActiveCfg = Debug|Any CPU
		{75BAACA4-A88A-45DE-8C15-2D002F383B7C}.Ad-Hoc|iPhone.Build.0 = Debug|Any CPU
		{75BAACA4-A88A-45DE-8C15-2D002F383B7C}.Ad-Hoc|iPhone.Deploy.0 = Debug|Any CPU
		{75BAACA4-A88A-45DE-8C15-2D002F383B7C}.Ad-Hoc|iPhoneSimulator.ActiveCfg = Debug|Any CPU
		{75BAACA4-A88A-45DE-8C15-2D002F383B7C}.Ad-Hoc|iPhoneSimulator.Build.0 = Debug|Any CPU
		{75BAACA4-A88A-45DE-8C15-2D002F383B7C}.Ad-Hoc|iPhoneSimulator.Deploy.0 = Debug|Any CPU
		{75BAACA4-A88A-45DE-8C15-2D002F383B7C}.Ad-Hoc|x64.ActiveCfg = Debug|Any CPU
		{75BAACA4-A88A-45DE-8C15-2D002F383B7C}.Ad-Hoc|x64.Build.0 = Debug|Any CPU
		{75BAACA4-A88A-45DE-8C15-2D002F383B7C}.Ad-Hoc|x64.Deploy.0 = Debug|Any CPU
		{75BAACA4-A88A-45DE-8C15-2D002F383B7C}.Ad-Hoc|x86.ActiveCfg = Debug|Any CPU
		{75BAACA4-A88A-45DE-8C15-2D002F383B7C}.Ad-Hoc|x86.Build.0 = Debug|Any CPU
		{75BAACA4-A88A-45DE-8C15-2D002F383B7C}.Ad-Hoc|x86.Deploy.0 = Debug|Any CPU
		{75BAACA4-A88A-45DE-8C15-2D002F383B7C}.AppStore|Any CPU.ActiveCfg = Debug|Any CPU
		{75BAACA4-A88A-45DE-8C15-2D002F383B7C}.AppStore|Any CPU.Build.0 = Debug|Any CPU
		{75BAACA4-A88A-45DE-8C15-2D002F383B7C}.AppStore|Any CPU.Deploy.0 = Debug|Any CPU
		{75BAACA4-A88A-45DE-8C15-2D002F383B7C}.AppStore|ARM.ActiveCfg = Debug|Any CPU
		{75BAACA4-A88A-45DE-8C15-2D002F383B7C}.AppStore|ARM.Build.0 = Debug|Any CPU
		{75BAACA4-A88A-45DE-8C15-2D002F383B7C}.AppStore|ARM.Deploy.0 = Debug|Any CPU
		{75BAACA4-A88A-45DE-8C15-2D002F383B7C}.AppStore|iPhone.ActiveCfg = Debug|Any CPU
		{75BAACA4-A88A-45DE-8C15-2D002F383B7C}.AppStore|iPhone.Build.0 = Debug|Any CPU
		{75BAACA4-A88A-45DE-8C15-2D002F383B7C}.AppStore|iPhone.Deploy.0 = Debug|Any CPU
		{75BAACA4-A88A-45DE-8C15-2D002F383B7C}.AppStore|iPhoneSimulator.ActiveCfg = Debug|Any CPU
		{75BAACA4-A88A-45DE-8C15-2D002F383B7C}.AppStore|iPhoneSimulator.Build.0 = Debug|Any CPU
		{75BAACA4-A88A-45DE-8C15-2D002F383B7C}.AppStore|iPhoneSimulator.Deploy.0 = Debug|Any CPU
		{75BAACA4-A88A-45DE-8C15-2D002F383B7C}.AppStore|x64.ActiveCfg = Debug|Any CPU
		{75BAACA4-A88A-45DE-8C15-2D002F383B7C}.AppStore|x64.Build.0 = Debug|Any CPU
		{75BAACA4-A88A-45DE-8C15-2D002F383B7C}.AppStore|x64.Deploy.0 = Debug|Any CPU
		{75BAACA4-A88A-45DE-8C15-2D002F383B7C}.AppStore|x86.ActiveCfg = Debug|Any CPU
		{75BAACA4-A88A-45DE-8C15-2D002F383B7C}.AppStore|x86.Build.0 = Debug|Any CPU
		{75BAACA4-A88A-45DE-8C15-2D002F383B7C}.AppStore|x86.Deploy.0 = Debug|Any CPU
		{75BAACA4-A88A-45DE-8C15-2D002F383B7C}.Debug|Any CPU.ActiveCfg = Debug|Any CPU
		{75BAACA4-A88A-45DE-8C15-2D002F383B7C}.Debug|Any CPU.Build.0 = Debug|Any CPU
		{75BAACA4-A88A-45DE-8C15-2D002F383B7C}.Debug|Any CPU.Deploy.0 = Debug|Any CPU
		{75BAACA4-A88A-45DE-8C15-2D002F383B7C}.Debug|ARM.ActiveCfg = Debug|Any CPU
		{75BAACA4-A88A-45DE-8C15-2D002F383B7C}.Debug|ARM.Build.0 = Debug|Any CPU
		{75BAACA4-A88A-45DE-8C15-2D002F383B7C}.Debug|ARM.Deploy.0 = Debug|Any CPU
		{75BAACA4-A88A-45DE-8C15-2D002F383B7C}.Debug|iPhone.ActiveCfg = Debug|Any CPU
		{75BAACA4-A88A-45DE-8C15-2D002F383B7C}.Debug|iPhone.Build.0 = Debug|Any CPU
		{75BAACA4-A88A-45DE-8C15-2D002F383B7C}.Debug|iPhone.Deploy.0 = Debug|Any CPU
		{75BAACA4-A88A-45DE-8C15-2D002F383B7C}.Debug|iPhoneSimulator.ActiveCfg = Debug|Any CPU
		{75BAACA4-A88A-45DE-8C15-2D002F383B7C}.Debug|iPhoneSimulator.Build.0 = Debug|Any CPU
		{75BAACA4-A88A-45DE-8C15-2D002F383B7C}.Debug|iPhoneSimulator.Deploy.0 = Debug|Any CPU
		{75BAACA4-A88A-45DE-8C15-2D002F383B7C}.Debug|x64.ActiveCfg = Debug|Any CPU
		{75BAACA4-A88A-45DE-8C15-2D002F383B7C}.Debug|x64.Build.0 = Debug|Any CPU
		{75BAACA4-A88A-45DE-8C15-2D002F383B7C}.Debug|x64.Deploy.0 = Debug|Any CPU
		{75BAACA4-A88A-45DE-8C15-2D002F383B7C}.Debug|x86.ActiveCfg = Debug|Any CPU
		{75BAACA4-A88A-45DE-8C15-2D002F383B7C}.Debug|x86.Build.0 = Debug|Any CPU
		{75BAACA4-A88A-45DE-8C15-2D002F383B7C}.Debug|x86.Deploy.0 = Debug|Any CPU
		{75BAACA4-A88A-45DE-8C15-2D002F383B7C}.Release|Any CPU.ActiveCfg = Release|Any CPU
		{75BAACA4-A88A-45DE-8C15-2D002F383B7C}.Release|Any CPU.Build.0 = Release|Any CPU
		{75BAACA4-A88A-45DE-8C15-2D002F383B7C}.Release|Any CPU.Deploy.0 = Release|Any CPU
		{75BAACA4-A88A-45DE-8C15-2D002F383B7C}.Release|ARM.ActiveCfg = Release|Any CPU
		{75BAACA4-A88A-45DE-8C15-2D002F383B7C}.Release|ARM.Build.0 = Release|Any CPU
		{75BAACA4-A88A-45DE-8C15-2D002F383B7C}.Release|ARM.Deploy.0 = Release|Any CPU
		{75BAACA4-A88A-45DE-8C15-2D002F383B7C}.Release|iPhone.ActiveCfg = Release|Any CPU
		{75BAACA4-A88A-45DE-8C15-2D002F383B7C}.Release|iPhone.Build.0 = Release|Any CPU
		{75BAACA4-A88A-45DE-8C15-2D002F383B7C}.Release|iPhone.Deploy.0 = Release|Any CPU
		{75BAACA4-A88A-45DE-8C15-2D002F383B7C}.Release|iPhoneSimulator.ActiveCfg = Release|Any CPU
		{75BAACA4-A88A-45DE-8C15-2D002F383B7C}.Release|iPhoneSimulator.Build.0 = Release|Any CPU
		{75BAACA4-A88A-45DE-8C15-2D002F383B7C}.Release|iPhoneSimulator.Deploy.0 = Release|Any CPU
		{75BAACA4-A88A-45DE-8C15-2D002F383B7C}.Release|x64.ActiveCfg = Release|Any CPU
		{75BAACA4-A88A-45DE-8C15-2D002F383B7C}.Release|x64.Build.0 = Release|Any CPU
		{75BAACA4-A88A-45DE-8C15-2D002F383B7C}.Release|x64.Deploy.0 = Release|Any CPU
		{75BAACA4-A88A-45DE-8C15-2D002F383B7C}.Release|x86.ActiveCfg = Release|Any CPU
		{75BAACA4-A88A-45DE-8C15-2D002F383B7C}.Release|x86.Build.0 = Release|Any CPU
		{75BAACA4-A88A-45DE-8C15-2D002F383B7C}.Release|x86.Deploy.0 = Release|Any CPU
	EndGlobalSection
	GlobalSection(SolutionProperties) = preSolution
		HideSolutionNode = FALSE
	EndGlobalSection
	GlobalSection(ExtensibilityGlobals) = postSolution
		SolutionGuid = {1BD5B2CB-DA84-49B4-9714-01C7669DE73E}
	EndGlobalSection
EndGlobal
